
Microsoft Visual Studio Solution File, Format Version 12.00
# Visual Studio Version 16
VisualStudioVersion = 16.0.31019.35
MinimumVisualStudioVersion = 10.0.40219.1
Project("{9A19103F-16F7-4668-BE54-9A1E7A4F7556}") = "Strasnote.Auth.Api", "Auth\Strasnote.Auth.Api\Strasnote.Auth.Api.csproj", "{6F01E948-9F01-4297-AB5C-059F6B440B63}"
EndProject
Project("{2150E333-8FDC-42A3-9474-1A3956D46DE8}") = "Auth", "Auth", "{A6A8392E-7BB7-42A8-B630-E3E55866AE1F}"
EndProject
Project("{2150E333-8FDC-42A3-9474-1A3956D46DE8}") = "Encryption", "Encryption", "{B49E8F3A-4EE2-4272-BD19-C6BB237E6FDC}"
EndProject
Project("{2150E333-8FDC-42A3-9474-1A3956D46DE8}") = "Notes", "Notes", "{2DF69DFB-61FD-431D-9BEC-082C9D6B4514}"
EndProject
Project("{9A19103F-16F7-4668-BE54-9A1E7A4F7556}") = "Strasnote.Auth.Data", "Auth\Strasnote.Auth.Data\Strasnote.Auth.Data.csproj", "{92B72F17-4B10-40FC-9181-38EA9E460D79}"
EndProject
Project("{9A19103F-16F7-4668-BE54-9A1E7A4F7556}") = "Strasnote.Auth.Data.Entities", "Auth\Strasnote.Auth.Data.Entities\Strasnote.Auth.Data.Entities.csproj", "{C77C371B-6943-4885-AD85-324FA62FDC02}"
EndProject
Project("{9A19103F-16F7-4668-BE54-9A1E7A4F7556}") = "Strasnote.Auth.Data.MySql", "Auth\Strasnote.Auth.Data.MySql\Strasnote.Auth.Data.MySql.csproj", "{6A5849BE-E567-4694-823A-0E6777F8D338}"
EndProject
Project("{9A19103F-16F7-4668-BE54-9A1E7A4F7556}") = "Strasnote.Auth.Services", "Auth\Strasnote.Auth.Services\Strasnote.Auth.Services.csproj", "{C3C28491-0EF7-452D-9907-551385128223}"
EndProject
Project("{9A19103F-16F7-4668-BE54-9A1E7A4F7556}") = "Strasnote.Encryption", "Encryption\Strasnote.Encryption\Strasnote.Encryption.csproj", "{FE75ED85-CD50-4B37-9805-70581E09BEA6}"
EndProject
Project("{9A19103F-16F7-4668-BE54-9A1E7A4F7556}") = "Strasnote.Notes.Api", "Notes\Strasnote.Notes.Api\Strasnote.Notes.Api.csproj", "{DA94B67A-0AD3-4189-AC82-9EE6577ED89D}"
EndProject
Project("{9A19103F-16F7-4668-BE54-9A1E7A4F7556}") = "Strasnote.Notes.Data", "Notes\Strasnote.Notes.Data\Strasnote.Notes.Data.csproj", "{EA2D9608-C38B-4D19-969A-933577AED349}"
EndProject
Project("{9A19103F-16F7-4668-BE54-9A1E7A4F7556}") = "Strasnote.Notes.Data.Entities", "Notes\Strasnote.Notes.Data.Entities\Strasnote.Notes.Data.Entities.csproj", "{C4AFB774-AB40-4460-BFE5-0BC133740F2F}"
EndProject
Project("{9A19103F-16F7-4668-BE54-9A1E7A4F7556}") = "Strasnote.Notes.Data.FileSystem", "Notes\Strasnote.Notes.Data.FileSystem\Strasnote.Notes.Data.FileSystem.csproj", "{14517A00-C11B-4657-AB7B-7B4CB29C5E84}"
EndProject
Project("{9A19103F-16F7-4668-BE54-9A1E7A4F7556}") = "Strasnote.Notes.Data.MySql", "Notes\Strasnote.Notes.Data.MySql\Strasnote.Notes.Data.MySql.csproj", "{89B62B35-8C31-42D9-B38F-9306A5A7F8DC}"
EndProject
Project("{9A19103F-16F7-4668-BE54-9A1E7A4F7556}") = "Strasnote.Notes.Services", "Notes\Strasnote.Notes.Services\Strasnote.Notes.Services.csproj", "{92BE968E-9E31-465B-A652-FE3334EEDC46}"
EndProject
Project("{2150E333-8FDC-42A3-9474-1A3956D46DE8}") = "Tests", "Tests", "{0155C170-BF68-4217-BFC6-B35A82291B42}"
	ProjectSection(SolutionItems) = preProject
		Tests\Directory.Build.props = Tests\Directory.Build.props
	EndProjectSection
EndProject
Project("{6EC3EE1D-3C4E-46DD-8F32-0CC8E7565705}") = "Tests.Strasnote.Auth", "Tests\Tests.Strasnote.Auth\Tests.Strasnote.Auth.fsproj", "{D64A50C7-8825-4775-8B23-596050AC1D02}"
EndProject
Project("{6EC3EE1D-3C4E-46DD-8F32-0CC8E7565705}") = "Tests.Strasnote.Encryption", "Tests\Tests.Strasnote.Encryption\Tests.Strasnote.Encryption.fsproj", "{47FE1E1F-CF21-4F72-A3FC-579167FF07D9}"
EndProject
Project("{6EC3EE1D-3C4E-46DD-8F32-0CC8E7565705}") = "Tests.Strasnote.Notes", "Tests\Tests.Strasnote.Notes\Tests.Strasnote.Notes.fsproj", "{CAAC0F40-A23F-4710-84CD-90CDE3417580}"
EndProject
Project("{2150E333-8FDC-42A3-9474-1A3956D46DE8}") = "Solution Items", "Solution Items", "{A28AE92F-C1C8-4DA0-941A-1E1EF086B3AD}"
	ProjectSection(SolutionItems) = preProject
		.editorconfig = .editorconfig
		.gitattributes = .gitattributes
		.gitignore = .gitignore
		Directory.Build.props = Directory.Build.props
		LICENSE = LICENSE
		README.md = README.md
	EndProjectSection
EndProject
Project("{9A19103F-16F7-4668-BE54-9A1E7A4F7556}") = "Strasnote.Auth.Abstracts", "Auth\Strasnote.Auth.Abstracts\Strasnote.Auth.Abstracts.csproj", "{2151C8C3-C77A-4A6B-82F8-B1F0C1A713F0}"
EndProject
Project("{9A19103F-16F7-4668-BE54-9A1E7A4F7556}") = "Strasnote.Auth.Data.Abstracts", "Auth\Strasnote.Auth.Data.Abstracts\Strasnote.Auth.Data.Abstracts.csproj", "{469F0C87-9960-4B57-9AFC-3936769F2614}"
EndProject
Project("{9A19103F-16F7-4668-BE54-9A1E7A4F7556}") = "Strasnote.Auth", "Auth\Strasnote.Auth\Strasnote.Auth.csproj", "{0CF32F4D-9A7D-49C2-961A-46DA4E852203}"
EndProject
Project("{9A19103F-16F7-4668-BE54-9A1E7A4F7556}") = "Strasnote.Auth.Models", "Auth\Strasnote.Auth.Models\Strasnote.Auth.Models.csproj", "{993507F9-6D38-4132-9975-572E69D915A1}"
EndProject
Global
	GlobalSection(SolutionConfigurationPlatforms) = preSolution
		Debug|Any CPU = Debug|Any CPU
		Release|Any CPU = Release|Any CPU
	EndGlobalSection
	GlobalSection(ProjectConfigurationPlatforms) = postSolution
		{6F01E948-9F01-4297-AB5C-059F6B440B63}.Debug|Any CPU.ActiveCfg = Debug|Any CPU
		{6F01E948-9F01-4297-AB5C-059F6B440B63}.Debug|Any CPU.Build.0 = Debug|Any CPU
		{6F01E948-9F01-4297-AB5C-059F6B440B63}.Release|Any CPU.ActiveCfg = Release|Any CPU
		{6F01E948-9F01-4297-AB5C-059F6B440B63}.Release|Any CPU.Build.0 = Release|Any CPU
		{92B72F17-4B10-40FC-9181-38EA9E460D79}.Debug|Any CPU.ActiveCfg = Debug|Any CPU
		{92B72F17-4B10-40FC-9181-38EA9E460D79}.Debug|Any CPU.Build.0 = Debug|Any CPU
		{92B72F17-4B10-40FC-9181-38EA9E460D79}.Release|Any CPU.ActiveCfg = Release|Any CPU
		{92B72F17-4B10-40FC-9181-38EA9E460D79}.Release|Any CPU.Build.0 = Release|Any CPU
		{C77C371B-6943-4885-AD85-324FA62FDC02}.Debug|Any CPU.ActiveCfg = Debug|Any CPU
		{C77C371B-6943-4885-AD85-324FA62FDC02}.Debug|Any CPU.Build.0 = Debug|Any CPU
		{C77C371B-6943-4885-AD85-324FA62FDC02}.Release|Any CPU.ActiveCfg = Release|Any CPU
		{C77C371B-6943-4885-AD85-324FA62FDC02}.Release|Any CPU.Build.0 = Release|Any CPU
		{6A5849BE-E567-4694-823A-0E6777F8D338}.Debug|Any CPU.ActiveCfg = Debug|Any CPU
		{6A5849BE-E567-4694-823A-0E6777F8D338}.Debug|Any CPU.Build.0 = Debug|Any CPU
		{6A5849BE-E567-4694-823A-0E6777F8D338}.Release|Any CPU.ActiveCfg = Release|Any CPU
		{6A5849BE-E567-4694-823A-0E6777F8D338}.Release|Any CPU.Build.0 = Release|Any CPU
		{C3C28491-0EF7-452D-9907-551385128223}.Debug|Any CPU.ActiveCfg = Debug|Any CPU
		{C3C28491-0EF7-452D-9907-551385128223}.Debug|Any CPU.Build.0 = Debug|Any CPU
		{C3C28491-0EF7-452D-9907-551385128223}.Release|Any CPU.ActiveCfg = Release|Any CPU
		{C3C28491-0EF7-452D-9907-551385128223}.Release|Any CPU.Build.0 = Release|Any CPU
		{FE75ED85-CD50-4B37-9805-70581E09BEA6}.Debug|Any CPU.ActiveCfg = Debug|Any CPU
		{FE75ED85-CD50-4B37-9805-70581E09BEA6}.Debug|Any CPU.Build.0 = Debug|Any CPU
		{FE75ED85-CD50-4B37-9805-70581E09BEA6}.Release|Any CPU.ActiveCfg = Release|Any CPU
		{FE75ED85-CD50-4B37-9805-70581E09BEA6}.Release|Any CPU.Build.0 = Release|Any CPU
		{DA94B67A-0AD3-4189-AC82-9EE6577ED89D}.Debug|Any CPU.ActiveCfg = Debug|Any CPU
		{DA94B67A-0AD3-4189-AC82-9EE6577ED89D}.Debug|Any CPU.Build.0 = Debug|Any CPU
		{DA94B67A-0AD3-4189-AC82-9EE6577ED89D}.Release|Any CPU.ActiveCfg = Release|Any CPU
		{DA94B67A-0AD3-4189-AC82-9EE6577ED89D}.Release|Any CPU.Build.0 = Release|Any CPU
		{EA2D9608-C38B-4D19-969A-933577AED349}.Debug|Any CPU.ActiveCfg = Debug|Any CPU
		{EA2D9608-C38B-4D19-969A-933577AED349}.Debug|Any CPU.Build.0 = Debug|Any CPU
		{EA2D9608-C38B-4D19-969A-933577AED349}.Release|Any CPU.ActiveCfg = Release|Any CPU
		{EA2D9608-C38B-4D19-969A-933577AED349}.Release|Any CPU.Build.0 = Release|Any CPU
		{C4AFB774-AB40-4460-BFE5-0BC133740F2F}.Debug|Any CPU.ActiveCfg = Debug|Any CPU
		{C4AFB774-AB40-4460-BFE5-0BC133740F2F}.Debug|Any CPU.Build.0 = Debug|Any CPU
		{C4AFB774-AB40-4460-BFE5-0BC133740F2F}.Release|Any CPU.ActiveCfg = Release|Any CPU
		{C4AFB774-AB40-4460-BFE5-0BC133740F2F}.Release|Any CPU.Build.0 = Release|Any CPU
		{14517A00-C11B-4657-AB7B-7B4CB29C5E84}.Debug|Any CPU.ActiveCfg = Debug|Any CPU
		{14517A00-C11B-4657-AB7B-7B4CB29C5E84}.Debug|Any CPU.Build.0 = Debug|Any CPU
		{14517A00-C11B-4657-AB7B-7B4CB29C5E84}.Release|Any CPU.ActiveCfg = Release|Any CPU
		{14517A00-C11B-4657-AB7B-7B4CB29C5E84}.Release|Any CPU.Build.0 = Release|Any CPU
		{89B62B35-8C31-42D9-B38F-9306A5A7F8DC}.Debug|Any CPU.ActiveCfg = Debug|Any CPU
		{89B62B35-8C31-42D9-B38F-9306A5A7F8DC}.Debug|Any CPU.Build.0 = Debug|Any CPU
		{89B62B35-8C31-42D9-B38F-9306A5A7F8DC}.Release|Any CPU.ActiveCfg = Release|Any CPU
		{89B62B35-8C31-42D9-B38F-9306A5A7F8DC}.Release|Any CPU.Build.0 = Release|Any CPU
		{92BE968E-9E31-465B-A652-FE3334EEDC46}.Debug|Any CPU.ActiveCfg = Debug|Any CPU
		{92BE968E-9E31-465B-A652-FE3334EEDC46}.Debug|Any CPU.Build.0 = Debug|Any CPU
		{92BE968E-9E31-465B-A652-FE3334EEDC46}.Release|Any CPU.ActiveCfg = Release|Any CPU
		{92BE968E-9E31-465B-A652-FE3334EEDC46}.Release|Any CPU.Build.0 = Release|Any CPU
		{D64A50C7-8825-4775-8B23-596050AC1D02}.Debug|Any CPU.ActiveCfg = Debug|Any CPU
		{D64A50C7-8825-4775-8B23-596050AC1D02}.Debug|Any CPU.Build.0 = Debug|Any CPU
		{D64A50C7-8825-4775-8B23-596050AC1D02}.Release|Any CPU.ActiveCfg = Release|Any CPU
		{D64A50C7-8825-4775-8B23-596050AC1D02}.Release|Any CPU.Build.0 = Release|Any CPU
		{47FE1E1F-CF21-4F72-A3FC-579167FF07D9}.Debug|Any CPU.ActiveCfg = Debug|Any CPU
		{47FE1E1F-CF21-4F72-A3FC-579167FF07D9}.Debug|Any CPU.Build.0 = Debug|Any CPU
		{47FE1E1F-CF21-4F72-A3FC-579167FF07D9}.Release|Any CPU.ActiveCfg = Release|Any CPU
		{47FE1E1F-CF21-4F72-A3FC-579167FF07D9}.Release|Any CPU.Build.0 = Release|Any CPU
		{CAAC0F40-A23F-4710-84CD-90CDE3417580}.Debug|Any CPU.ActiveCfg = Debug|Any CPU
		{CAAC0F40-A23F-4710-84CD-90CDE3417580}.Debug|Any CPU.Build.0 = Debug|Any CPU
		{CAAC0F40-A23F-4710-84CD-90CDE3417580}.Release|Any CPU.ActiveCfg = Release|Any CPU
		{CAAC0F40-A23F-4710-84CD-90CDE3417580}.Release|Any CPU.Build.0 = Release|Any CPU
		{2151C8C3-C77A-4A6B-82F8-B1F0C1A713F0}.Debug|Any CPU.ActiveCfg = Debug|Any CPU
		{2151C8C3-C77A-4A6B-82F8-B1F0C1A713F0}.Debug|Any CPU.Build.0 = Debug|Any CPU
		{2151C8C3-C77A-4A6B-82F8-B1F0C1A713F0}.Release|Any CPU.ActiveCfg = Release|Any CPU
		{2151C8C3-C77A-4A6B-82F8-B1F0C1A713F0}.Release|Any CPU.Build.0 = Release|Any CPU
		{469F0C87-9960-4B57-9AFC-3936769F2614}.Debug|Any CPU.ActiveCfg = Debug|Any CPU
		{469F0C87-9960-4B57-9AFC-3936769F2614}.Debug|Any CPU.Build.0 = Debug|Any CPU
		{469F0C87-9960-4B57-9AFC-3936769F2614}.Release|Any CPU.ActiveCfg = Release|Any CPU
		{469F0C87-9960-4B57-9AFC-3936769F2614}.Release|Any CPU.Build.0 = Release|Any CPU
		{0CF32F4D-9A7D-49C2-961A-46DA4E852203}.Debug|Any CPU.ActiveCfg = Debug|Any CPU
		{0CF32F4D-9A7D-49C2-961A-46DA4E852203}.Debug|Any CPU.Build.0 = Debug|Any CPU
		{0CF32F4D-9A7D-49C2-961A-46DA4E852203}.Release|Any CPU.ActiveCfg = Release|Any CPU
		{0CF32F4D-9A7D-49C2-961A-46DA4E852203}.Release|Any CPU.Build.0 = Release|Any CPU
		{993507F9-6D38-4132-9975-572E69D915A1}.Debug|Any CPU.ActiveCfg = Debug|Any CPU
		{993507F9-6D38-4132-9975-572E69D915A1}.Debug|Any CPU.Build.0 = Debug|Any CPU
		{993507F9-6D38-4132-9975-572E69D915A1}.Release|Any CPU.ActiveCfg = Release|Any CPU
		{993507F9-6D38-4132-9975-572E69D915A1}.Release|Any CPU.Build.0 = Release|Any CPU
	EndGlobalSection
	GlobalSection(SolutionProperties) = preSolution
		HideSolutionNode = FALSE
	EndGlobalSection
	GlobalSection(NestedProjects) = preSolution
		{6F01E948-9F01-4297-AB5C-059F6B440B63} = {A6A8392E-7BB7-42A8-B630-E3E55866AE1F}
		{92B72F17-4B10-40FC-9181-38EA9E460D79} = {A6A8392E-7BB7-42A8-B630-E3E55866AE1F}
		{C77C371B-6943-4885-AD85-324FA62FDC02} = {A6A8392E-7BB7-42A8-B630-E3E55866AE1F}
		{6A5849BE-E567-4694-823A-0E6777F8D338} = {A6A8392E-7BB7-42A8-B630-E3E55866AE1F}
		{C3C28491-0EF7-452D-9907-551385128223} = {A6A8392E-7BB7-42A8-B630-E3E55866AE1F}
		{FE75ED85-CD50-4B37-9805-70581E09BEA6} = {B49E8F3A-4EE2-4272-BD19-C6BB237E6FDC}
		{DA94B67A-0AD3-4189-AC82-9EE6577ED89D} = {2DF69DFB-61FD-431D-9BEC-082C9D6B4514}
		{EA2D9608-C38B-4D19-969A-933577AED349} = {2DF69DFB-61FD-431D-9BEC-082C9D6B4514}
		{C4AFB774-AB40-4460-BFE5-0BC133740F2F} = {2DF69DFB-61FD-431D-9BEC-082C9D6B4514}
		{14517A00-C11B-4657-AB7B-7B4CB29C5E84} = {2DF69DFB-61FD-431D-9BEC-082C9D6B4514}
		{89B62B35-8C31-42D9-B38F-9306A5A7F8DC} = {2DF69DFB-61FD-431D-9BEC-082C9D6B4514}
		{92BE968E-9E31-465B-A652-FE3334EEDC46} = {2DF69DFB-61FD-431D-9BEC-082C9D6B4514}
		{D64A50C7-8825-4775-8B23-596050AC1D02} = {0155C170-BF68-4217-BFC6-B35A82291B42}
		{47FE1E1F-CF21-4F72-A3FC-579167FF07D9} = {0155C170-BF68-4217-BFC6-B35A82291B42}
		{CAAC0F40-A23F-4710-84CD-90CDE3417580} = {0155C170-BF68-4217-BFC6-B35A82291B42}
		{2151C8C3-C77A-4A6B-82F8-B1F0C1A713F0} = {A6A8392E-7BB7-42A8-B630-E3E55866AE1F}
		{469F0C87-9960-4B57-9AFC-3936769F2614} = {A6A8392E-7BB7-42A8-B630-E3E55866AE1F}
		{0CF32F4D-9A7D-49C2-961A-46DA4E852203} = {A6A8392E-7BB7-42A8-B630-E3E55866AE1F}
		{993507F9-6D38-4132-9975-572E69D915A1} = {A6A8392E-7BB7-42A8-B630-E3E55866AE1F}
	EndGlobalSection
	GlobalSection(ExtensibilityGlobals) = postSolution
		SolutionGuid = {AF05D0DF-D04A-46E8-A71F-775870189F62}
	EndGlobalSection
EndGlobal
