
Microsoft Visual Studio Solution File, Format Version 12.00
# Visual Studio Version 16
VisualStudioVersion = 16.0.31019.35
MinimumVisualStudioVersion = 10.0.40219.1
Project("{9A19103F-16F7-4668-BE54-9A1E7A4F7556}") = "Strasnote.Auth.Api", "src\Auth\Strasnote.Auth.Api\Strasnote.Auth.Api.csproj", "{6F01E948-9F01-4297-AB5C-059F6B440B63}"
EndProject
Project("{2150E333-8FDC-42A3-9474-1A3956D46DE8}") = "Auth", "Auth", "{A6A8392E-7BB7-42A8-B630-E3E55866AE1F}"
EndProject
Project("{2150E333-8FDC-42A3-9474-1A3956D46DE8}") = "Encryption", "Encryption", "{B49E8F3A-4EE2-4272-BD19-C6BB237E6FDC}"
EndProject
Project("{2150E333-8FDC-42A3-9474-1A3956D46DE8}") = "Notes", "Notes", "{2DF69DFB-61FD-431D-9BEC-082C9D6B4514}"
EndProject
Project("{9A19103F-16F7-4668-BE54-9A1E7A4F7556}") = "Strasnote.Auth.Data", "src\Auth\Data\Strasnote.Auth.Data\Strasnote.Auth.Data.csproj", "{92B72F17-4B10-40FC-9181-38EA9E460D79}"
EndProject
Project("{9A19103F-16F7-4668-BE54-9A1E7A4F7556}") = "Strasnote.Auth.Services", "src\Auth\Strasnote.Auth.Services\Strasnote.Auth.Services.csproj", "{C3C28491-0EF7-452D-9907-551385128223}"
EndProject
Project("{9A19103F-16F7-4668-BE54-9A1E7A4F7556}") = "Strasnote.Encryption", "src\Encryption\Strasnote.Encryption\Strasnote.Encryption.csproj", "{FE75ED85-CD50-4B37-9805-70581E09BEA6}"
EndProject
Project("{9A19103F-16F7-4668-BE54-9A1E7A4F7556}") = "Strasnote.Notes.Api", "src\Notes\Strasnote.Notes.Api\Strasnote.Notes.Api.csproj", "{DA94B67A-0AD3-4189-AC82-9EE6577ED89D}"
EndProject
Project("{9A19103F-16F7-4668-BE54-9A1E7A4F7556}") = "Strasnote.Notes.Services", "src\Notes\Strasnote.Notes.Services\Strasnote.Notes.Services.csproj", "{92BE968E-9E31-465B-A652-FE3334EEDC46}"
EndProject
Project("{2150E333-8FDC-42A3-9474-1A3956D46DE8}") = "tests", "tests", "{0155C170-BF68-4217-BFC6-B35A82291B42}"
	ProjectSection(SolutionItems) = preProject
		tests\.editorconfig = tests\.editorconfig
		tests\Directory.Build.props = tests\Directory.Build.props
		tests\Test.csproj = tests\Test.csproj
	EndProjectSection
EndProject
Project("{2150E333-8FDC-42A3-9474-1A3956D46DE8}") = "Solution Items", "Solution Items", "{A28AE92F-C1C8-4DA0-941A-1E1EF086B3AD}"
	ProjectSection(SolutionItems) = preProject
		.editorconfig = .editorconfig
		.gitattributes = .gitattributes
		.gitignore = .gitignore
		LICENSE = LICENSE
		.github\workflows\publish-dev-auth.yml = .github\workflows\publish-dev-auth.yml
		.github\workflows\publish-prod-auth.yml = .github\workflows\publish-prod-auth.yml
		README.md = README.md
		run.bat = run.bat
		.github\workflows\test.yml = .github\workflows\test.yml
		Version = Version
	EndProjectSection
EndProject
Project("{9A19103F-16F7-4668-BE54-9A1E7A4F7556}") = "Strasnote.Auth.Abstracts", "src\Auth\Strasnote.Auth.Abstracts\Strasnote.Auth.Abstracts.csproj", "{2151C8C3-C77A-4A6B-82F8-B1F0C1A713F0}"
EndProject
Project("{9A19103F-16F7-4668-BE54-9A1E7A4F7556}") = "Strasnote.Auth.Data.Abstracts", "src\Auth\Data\Strasnote.Auth.Data.Abstracts\Strasnote.Auth.Data.Abstracts.csproj", "{469F0C87-9960-4B57-9AFC-3936769F2614}"
EndProject
Project("{9A19103F-16F7-4668-BE54-9A1E7A4F7556}") = "Strasnote.Auth", "src\Auth\Strasnote.Auth\Strasnote.Auth.csproj", "{0CF32F4D-9A7D-49C2-961A-46DA4E852203}"
EndProject
Project("{9A19103F-16F7-4668-BE54-9A1E7A4F7556}") = "Strasnote.Auth.Models", "src\Auth\Strasnote.Auth.Models\Strasnote.Auth.Models.csproj", "{993507F9-6D38-4132-9975-572E69D915A1}"
EndProject
Project("{2150E333-8FDC-42A3-9474-1A3956D46DE8}") = "Logging", "Logging", "{4547EACD-9D5D-432D-A4C3-2B6C6BC8D95F}"
EndProject
Project("{9A19103F-16F7-4668-BE54-9A1E7A4F7556}") = "Strasnote.Logging.Abstracts", "src\Logging\Strasnote.Logging.Abstracts\Strasnote.Logging.Abstracts.csproj", "{7DA70A67-8798-41A2-B7A2-FD411BAD9F44}"
EndProject
Project("{9A19103F-16F7-4668-BE54-9A1E7A4F7556}") = "Strasnote.Logging.Serilog", "src\Logging\Strasnote.Logging.Serilog\Strasnote.Logging.Serilog.csproj", "{7CD8A877-9D62-4711-AA6F-99D848B226E6}"
EndProject
Project("{9A19103F-16F7-4668-BE54-9A1E7A4F7556}") = "Tests.Strasnote.Auth", "tests\Auth\Tests.Strasnote.Auth\Tests.Strasnote.Auth.csproj", "{2D5786EA-555D-407E-9DA8-0637CD3B23D1}"
EndProject
Project("{9A19103F-16F7-4668-BE54-9A1E7A4F7556}") = "Tests.Strasnote.Encryption", "tests\Encryption\Tests.Strasnote.Encryption\Tests.Strasnote.Encryption.csproj", "{79040C5A-B86F-468A-93F7-DE5A8F90AC28}"
EndProject
Project("{9A19103F-16F7-4668-BE54-9A1E7A4F7556}") = "Tests.Strasnote.Logging.Serilog", "tests\Logging\Tests.Strasnote.Logging.Serilog\Tests.Strasnote.Logging.Serilog.csproj", "{38B35A20-4A93-4837-A278-6B96591B20CE}"
EndProject
Project("{9A19103F-16F7-4668-BE54-9A1E7A4F7556}") = "Tests.Strasnote.Notes.Api", "tests\Notes\Tests.Strasnote.Notes.Api\Tests.Strasnote.Notes.Api.csproj", "{2A8D2787-74CB-404D-B53A-2A5843AE73C8}"
EndProject
Project("{2150E333-8FDC-42A3-9474-1A3956D46DE8}") = "Auth", "Auth", "{2C33B749-F50A-45B4-A5F2-38C3945628DA}"
EndProject
Project("{2150E333-8FDC-42A3-9474-1A3956D46DE8}") = "Encryption", "Encryption", "{AB4EB9A5-1850-43BD-B160-BD1A0AB2D88C}"
EndProject
Project("{2150E333-8FDC-42A3-9474-1A3956D46DE8}") = "Logging", "Logging", "{3B0AB751-60F1-4371-8AC0-28057C92B9BC}"
EndProject
Project("{2150E333-8FDC-42A3-9474-1A3956D46DE8}") = "Notes", "Notes", "{4294A824-4D91-47F7-97FF-95ED134D78A5}"
EndProject
Project("{9A19103F-16F7-4668-BE54-9A1E7A4F7556}") = "Strasnote.Util", "src\Util\Strasnote.Util.csproj", "{5D83B265-C7B7-459A-AEB8-A6933A5A58AB}"
EndProject
Project("{2150E333-8FDC-42A3-9474-1A3956D46DE8}") = "Data", "Data", "{2804BDEA-03E7-418B-8FD9-B5018FC0CFC8}"
EndProject
Project("{9A19103F-16F7-4668-BE54-9A1E7A4F7556}") = "Tests.Strasnote.Auth.Api", "tests\Auth\Tests.Strasnote.Auth.Api\Tests.Strasnote.Auth.Api.csproj", "{BFB6F49C-3EDC-4341-BC48-5810D465A89C}"
EndProject
Project("{9A19103F-16F7-4668-BE54-9A1E7A4F7556}") = "Tests.Strasnote.Auth.Services", "tests\Auth\Tests.Strasnote.Auth.Services\Tests.Strasnote.Auth.Services.csproj", "{755AED91-26CF-490B-B010-094CD8531CFD}"
EndProject
Project("{9A19103F-16F7-4668-BE54-9A1E7A4F7556}") = "Tests.Strasnote.Notes.Data", "tests\Notes\Data\Tests.Strasnote.Notes.Data\Tests.Strasnote.Notes.Data.csproj", "{C60E7B60-C7F9-4C34-A5FF-EC386F4DD161}"
EndProject
Project("{9A19103F-16F7-4668-BE54-9A1E7A4F7556}") = "Tests.Strasnote.Notes.Services", "tests\Notes\Tests.Strasnote.Notes.Services\Tests.Strasnote.Notes.Services.csproj", "{90CE64C9-49A9-4B7F-889A-C6B721BFFF3A}"
EndProject
Project("{9A19103F-16F7-4668-BE54-9A1E7A4F7556}") = "Tests.Strasnote.Util", "tests\Tests.Strasnote.Util\Tests.Strasnote.Util.csproj", "{4AAFFBC2-0E15-4FAC-AD03-C005745B1016}"
EndProject
Project("{2150E333-8FDC-42A3-9474-1A3956D46DE8}") = "Data", "Data", "{239B0D8C-4CF4-42E5-8806-ACE6FFD2AFE6}"
EndProject
Project("{9A19103F-16F7-4668-BE54-9A1E7A4F7556}") = "Tests.Strasnote.Auth.Data", "tests\Auth\Data\Tests.Strasnote.Auth.Data\Tests.Strasnote.Auth.Data.csproj", "{85D94BCF-8277-4A9A-869E-F457E5A1E779}"
EndProject
Project("{9A19103F-16F7-4668-BE54-9A1E7A4F7556}") = "Tests.Strasnote.Auth.Data.Fake", "tests\Auth\Data\Tests.Strasnote.Auth.Data.Fake\Tests.Strasnote.Auth.Data.Fake.csproj", "{9C4E5DA4-757F-485C-A6B2-599681083161}"
EndProject
Project("{2150E333-8FDC-42A3-9474-1A3956D46DE8}") = "Data", "Data", "{797720B2-7A04-4110-A615-0C27B7CF2DDB}"
EndProject
Project("{9A19103F-16F7-4668-BE54-9A1E7A4F7556}") = "Strasnote.Data.Entities", "src\Data\Strasnote.Data.Entities\Strasnote.Data.Entities.csproj", "{C6E8F625-507C-4160-9FE0-F9D2C51550FC}"
EndProject
Project("{9A19103F-16F7-4668-BE54-9A1E7A4F7556}") = "Strasnote.Data.Abstracts", "src\Data\Strasnote.Data.Abstracts\Strasnote.Data.Abstracts.csproj", "{8C86E232-32AA-4FDB-BFF4-E65A945FBEE7}"
EndProject
Project("{2150E333-8FDC-42A3-9474-1A3956D46DE8}") = "Data", "Data", "{9A168021-B74B-44A4-9235-2D99FA049E50}"
EndProject
Project("{9A19103F-16F7-4668-BE54-9A1E7A4F7556}") = "Strasnote.Data", "src\Data\Strasnote.Data\Strasnote.Data.csproj", "{19B5A8CE-D169-48D5-86C0-CBB91705160B}"
EndProject
Project("{2150E333-8FDC-42A3-9474-1A3956D46DE8}") = "Clients", "Clients", "{F92EB2C3-2A95-4CE4-895E-739E0BAFD73B}"
EndProject
Project("{9A19103F-16F7-4668-BE54-9A1E7A4F7556}") = "Strasnote.Data.Clients.MySql", "src\Data\Clients\Strasnote.Data.Clients.MySql\Strasnote.Data.Clients.MySql.csproj", "{853E12E4-073C-4FA4-A1E0-E1A26A359C6C}"
EndProject
Project("{2150E333-8FDC-42A3-9474-1A3956D46DE8}") = "Apps", "Apps", "{2DE8483E-AE7A-4F2A-8EEB-45CFBD6684EB}"
EndProject
Project("{9A19103F-16F7-4668-BE54-9A1E7A4F7556}") = "Strasnote.Apps.Data.MySqlMigrator", "src\Apps\Data\Strasnote.Apps.Data.MySqlMigrator\Strasnote.Apps.Data.MySqlMigrator.csproj", "{1B8B9FD4-AC07-4E78-90F7-422608CC1051}"
EndProject
Project("{2150E333-8FDC-42A3-9474-1A3956D46DE8}") = "Data", "Data", "{E68207F2-CC38-4D78-A6C2-812D5630E641}"
EndProject
Project("{9A19103F-16F7-4668-BE54-9A1E7A4F7556}") = "Tests.Strasnote.Data", "tests\Data\Tests.Strasnote.Data\Tests.Strasnote.Data.csproj", "{6006EF8E-0936-48F8-93C1-FBEF8A451DDF}"
EndProject
Project("{2150E333-8FDC-42A3-9474-1A3956D46DE8}") = "Clients", "Clients", "{B80D9188-D04F-4971-94CF-1A57E206F8A3}"
EndProject
Project("{9A19103F-16F7-4668-BE54-9A1E7A4F7556}") = "Tests.Strasnote.Data.Clients.MySql", "tests\Data\Clients\Tests.Strasnote.Data.Clients.MySql\Tests.Strasnote.Data.Clients.MySql.csproj", "{F27211B8-F975-42DD-AAFE-ED814E64D034}"
EndProject
Project("{9A19103F-16F7-4668-BE54-9A1E7A4F7556}") = "Strasnote.Data.Migrate", "src\Data\Strasnote.Data.Migrate\Strasnote.Data.Migrate.csproj", "{67CF25A4-EBAE-4F2F-9C07-1D6B2A910B2A}"
EndProject
Project("{9A19103F-16F7-4668-BE54-9A1E7A4F7556}") = "Strasnote.Data.Clients.Migrator", "src\Data\Clients\Strasnote.Data.Clients.Migrator\Strasnote.Data.Clients.Migrator.csproj", "{ED5D0CF5-0B9E-48C2-BCBA-C0CDBCA03890}"
EndProject
Project("{9A19103F-16F7-4668-BE54-9A1E7A4F7556}") = "Tests.Strasnote.Data.Migrate", "tests\Data\Tests.Strasnote.Data.Migrate\Tests.Strasnote.Data.Migrate.csproj", "{6C21EB43-9F5C-4A60-B278-F403E4A7D74E}"
EndProject
Project("{2150E333-8FDC-42A3-9474-1A3956D46DE8}") = "src", "src", "{514C9759-4D0C-4C75-9AA5-38C418C445B5}"
	ProjectSection(SolutionItems) = preProject
		src\Directory.Build.props = src\Directory.Build.props
	EndProjectSection
EndProject
Project("{2150E333-8FDC-42A3-9474-1A3956D46DE8}") = "docker", "docker", "{8AED72EF-3646-43D5-B307-BFB3BBE376D6}"
	ProjectSection(SolutionItems) = preProject
		docker\docker-compose.yml = docker\docker-compose.yml
	EndProjectSection
EndProject
Project("{2150E333-8FDC-42A3-9474-1A3956D46DE8}") = "docs", "docs", "{27630B2F-261B-47DA-A1E0-02922DC89204}"
	ProjectSection(SolutionItems) = preProject
		docs\index.md = docs\index.md
	EndProjectSection
EndProject
Project("{9A19103F-16F7-4668-BE54-9A1E7A4F7556}") = "Strasnote.AppBase", "src\AppBase\Strasnote.AppBase.csproj", "{22B29C8B-F3DE-4EEC-B78C-C8779530E27D}"
EndProject
Project("{9A19103F-16F7-4668-BE54-9A1E7A4F7556}") = "Tests.Strasnote.Data.Entities", "tests\Data\Tests.Strasnote.Data.Entities\Tests.Strasnote.Data.Entities.csproj", "{FD8EB5C7-1A44-446F-BE6A-5F85B3967243}"
EndProject
Project("{2150E333-8FDC-42A3-9474-1A3956D46DE8}") = "Data", "Data", "{F0D91931-05D6-4131-A2EA-E7B136C31EC7}"
EndProject
Project("{9A19103F-16F7-4668-BE54-9A1E7A4F7556}") = "Strasnote.Notes.Data", "src\Notes\Data\Strasnote.Notes.Data\Strasnote.Notes.Data.csproj", "{7F84E307-2AB3-434E-B98B-544BA4C577D4}"
EndProject
Project("{9A19103F-16F7-4668-BE54-9A1E7A4F7556}") = "Strasnote.Notes.Data.Abstracts", "src\Notes\Data\Strasnote.Notes.Data.Abstracts\Strasnote.Notes.Data.Abstracts.csproj", "{5EC4C663-2B04-4AA3-AFB9-02A2B79D75CA}"
EndProject
Project("{9A19103F-16F7-4668-BE54-9A1E7A4F7556}") = "Strasnote.AppBase.Abstracts", "src\AppBase.Abstracts\Strasnote.AppBase.Abstracts.csproj", "{34490587-0A30-418E-9F6B-F3F3B95E319E}"
EndProject
Project("{9A19103F-16F7-4668-BE54-9A1E7A4F7556}") = "Tests.Strasnote.AppBase", "tests\Tests.Strasnote.AppBase\Tests.Strasnote.AppBase.csproj", "{5B2DBB02-EEA2-4A8C-9AA6-0B79077AED53}"
EndProject
Global
	GlobalSection(SolutionConfigurationPlatforms) = preSolution
		Debug|Any CPU = Debug|Any CPU
		Release|Any CPU = Release|Any CPU
	EndGlobalSection
	GlobalSection(ProjectConfigurationPlatforms) = postSolution
		{6F01E948-9F01-4297-AB5C-059F6B440B63}.Debug|Any CPU.ActiveCfg = Debug|Any CPU
		{6F01E948-9F01-4297-AB5C-059F6B440B63}.Debug|Any CPU.Build.0 = Debug|Any CPU
		{6F01E948-9F01-4297-AB5C-059F6B440B63}.Release|Any CPU.ActiveCfg = Release|Any CPU
		{6F01E948-9F01-4297-AB5C-059F6B440B63}.Release|Any CPU.Build.0 = Release|Any CPU
		{92B72F17-4B10-40FC-9181-38EA9E460D79}.Debug|Any CPU.ActiveCfg = Debug|Any CPU
		{92B72F17-4B10-40FC-9181-38EA9E460D79}.Debug|Any CPU.Build.0 = Debug|Any CPU
		{92B72F17-4B10-40FC-9181-38EA9E460D79}.Release|Any CPU.ActiveCfg = Release|Any CPU
		{92B72F17-4B10-40FC-9181-38EA9E460D79}.Release|Any CPU.Build.0 = Release|Any CPU
		{C3C28491-0EF7-452D-9907-551385128223}.Debug|Any CPU.ActiveCfg = Debug|Any CPU
		{C3C28491-0EF7-452D-9907-551385128223}.Debug|Any CPU.Build.0 = Debug|Any CPU
		{C3C28491-0EF7-452D-9907-551385128223}.Release|Any CPU.ActiveCfg = Release|Any CPU
		{C3C28491-0EF7-452D-9907-551385128223}.Release|Any CPU.Build.0 = Release|Any CPU
		{FE75ED85-CD50-4B37-9805-70581E09BEA6}.Debug|Any CPU.ActiveCfg = Debug|Any CPU
		{FE75ED85-CD50-4B37-9805-70581E09BEA6}.Debug|Any CPU.Build.0 = Debug|Any CPU
		{FE75ED85-CD50-4B37-9805-70581E09BEA6}.Release|Any CPU.ActiveCfg = Release|Any CPU
		{FE75ED85-CD50-4B37-9805-70581E09BEA6}.Release|Any CPU.Build.0 = Release|Any CPU
		{DA94B67A-0AD3-4189-AC82-9EE6577ED89D}.Debug|Any CPU.ActiveCfg = Debug|Any CPU
		{DA94B67A-0AD3-4189-AC82-9EE6577ED89D}.Debug|Any CPU.Build.0 = Debug|Any CPU
		{DA94B67A-0AD3-4189-AC82-9EE6577ED89D}.Release|Any CPU.ActiveCfg = Release|Any CPU
		{DA94B67A-0AD3-4189-AC82-9EE6577ED89D}.Release|Any CPU.Build.0 = Release|Any CPU
		{92BE968E-9E31-465B-A652-FE3334EEDC46}.Debug|Any CPU.ActiveCfg = Debug|Any CPU
		{92BE968E-9E31-465B-A652-FE3334EEDC46}.Debug|Any CPU.Build.0 = Debug|Any CPU
		{92BE968E-9E31-465B-A652-FE3334EEDC46}.Release|Any CPU.ActiveCfg = Release|Any CPU
		{92BE968E-9E31-465B-A652-FE3334EEDC46}.Release|Any CPU.Build.0 = Release|Any CPU
		{2151C8C3-C77A-4A6B-82F8-B1F0C1A713F0}.Debug|Any CPU.ActiveCfg = Debug|Any CPU
		{2151C8C3-C77A-4A6B-82F8-B1F0C1A713F0}.Debug|Any CPU.Build.0 = Debug|Any CPU
		{2151C8C3-C77A-4A6B-82F8-B1F0C1A713F0}.Release|Any CPU.ActiveCfg = Release|Any CPU
		{2151C8C3-C77A-4A6B-82F8-B1F0C1A713F0}.Release|Any CPU.Build.0 = Release|Any CPU
		{469F0C87-9960-4B57-9AFC-3936769F2614}.Debug|Any CPU.ActiveCfg = Debug|Any CPU
		{469F0C87-9960-4B57-9AFC-3936769F2614}.Debug|Any CPU.Build.0 = Debug|Any CPU
		{469F0C87-9960-4B57-9AFC-3936769F2614}.Release|Any CPU.ActiveCfg = Release|Any CPU
		{469F0C87-9960-4B57-9AFC-3936769F2614}.Release|Any CPU.Build.0 = Release|Any CPU
		{0CF32F4D-9A7D-49C2-961A-46DA4E852203}.Debug|Any CPU.ActiveCfg = Debug|Any CPU
		{0CF32F4D-9A7D-49C2-961A-46DA4E852203}.Debug|Any CPU.Build.0 = Debug|Any CPU
		{0CF32F4D-9A7D-49C2-961A-46DA4E852203}.Release|Any CPU.ActiveCfg = Release|Any CPU
		{0CF32F4D-9A7D-49C2-961A-46DA4E852203}.Release|Any CPU.Build.0 = Release|Any CPU
		{993507F9-6D38-4132-9975-572E69D915A1}.Debug|Any CPU.ActiveCfg = Debug|Any CPU
		{993507F9-6D38-4132-9975-572E69D915A1}.Debug|Any CPU.Build.0 = Debug|Any CPU
		{993507F9-6D38-4132-9975-572E69D915A1}.Release|Any CPU.ActiveCfg = Release|Any CPU
		{993507F9-6D38-4132-9975-572E69D915A1}.Release|Any CPU.Build.0 = Release|Any CPU
		{7DA70A67-8798-41A2-B7A2-FD411BAD9F44}.Debug|Any CPU.ActiveCfg = Debug|Any CPU
		{7DA70A67-8798-41A2-B7A2-FD411BAD9F44}.Debug|Any CPU.Build.0 = Debug|Any CPU
		{7DA70A67-8798-41A2-B7A2-FD411BAD9F44}.Release|Any CPU.ActiveCfg = Release|Any CPU
		{7DA70A67-8798-41A2-B7A2-FD411BAD9F44}.Release|Any CPU.Build.0 = Release|Any CPU
		{7CD8A877-9D62-4711-AA6F-99D848B226E6}.Debug|Any CPU.ActiveCfg = Debug|Any CPU
		{7CD8A877-9D62-4711-AA6F-99D848B226E6}.Debug|Any CPU.Build.0 = Debug|Any CPU
		{7CD8A877-9D62-4711-AA6F-99D848B226E6}.Release|Any CPU.ActiveCfg = Release|Any CPU
		{7CD8A877-9D62-4711-AA6F-99D848B226E6}.Release|Any CPU.Build.0 = Release|Any CPU
		{2D5786EA-555D-407E-9DA8-0637CD3B23D1}.Debug|Any CPU.ActiveCfg = Debug|Any CPU
		{2D5786EA-555D-407E-9DA8-0637CD3B23D1}.Debug|Any CPU.Build.0 = Debug|Any CPU
		{2D5786EA-555D-407E-9DA8-0637CD3B23D1}.Release|Any CPU.ActiveCfg = Release|Any CPU
		{2D5786EA-555D-407E-9DA8-0637CD3B23D1}.Release|Any CPU.Build.0 = Release|Any CPU
		{79040C5A-B86F-468A-93F7-DE5A8F90AC28}.Debug|Any CPU.ActiveCfg = Debug|Any CPU
		{79040C5A-B86F-468A-93F7-DE5A8F90AC28}.Debug|Any CPU.Build.0 = Debug|Any CPU
		{79040C5A-B86F-468A-93F7-DE5A8F90AC28}.Release|Any CPU.ActiveCfg = Release|Any CPU
		{79040C5A-B86F-468A-93F7-DE5A8F90AC28}.Release|Any CPU.Build.0 = Release|Any CPU
		{38B35A20-4A93-4837-A278-6B96591B20CE}.Debug|Any CPU.ActiveCfg = Debug|Any CPU
		{38B35A20-4A93-4837-A278-6B96591B20CE}.Debug|Any CPU.Build.0 = Debug|Any CPU
		{38B35A20-4A93-4837-A278-6B96591B20CE}.Release|Any CPU.ActiveCfg = Release|Any CPU
		{38B35A20-4A93-4837-A278-6B96591B20CE}.Release|Any CPU.Build.0 = Release|Any CPU
		{2A8D2787-74CB-404D-B53A-2A5843AE73C8}.Debug|Any CPU.ActiveCfg = Debug|Any CPU
		{2A8D2787-74CB-404D-B53A-2A5843AE73C8}.Debug|Any CPU.Build.0 = Debug|Any CPU
		{2A8D2787-74CB-404D-B53A-2A5843AE73C8}.Release|Any CPU.ActiveCfg = Release|Any CPU
		{2A8D2787-74CB-404D-B53A-2A5843AE73C8}.Release|Any CPU.Build.0 = Release|Any CPU
		{5D83B265-C7B7-459A-AEB8-A6933A5A58AB}.Debug|Any CPU.ActiveCfg = Debug|Any CPU
		{5D83B265-C7B7-459A-AEB8-A6933A5A58AB}.Debug|Any CPU.Build.0 = Debug|Any CPU
		{5D83B265-C7B7-459A-AEB8-A6933A5A58AB}.Release|Any CPU.ActiveCfg = Release|Any CPU
		{5D83B265-C7B7-459A-AEB8-A6933A5A58AB}.Release|Any CPU.Build.0 = Release|Any CPU
		{BFB6F49C-3EDC-4341-BC48-5810D465A89C}.Debug|Any CPU.ActiveCfg = Debug|Any CPU
		{BFB6F49C-3EDC-4341-BC48-5810D465A89C}.Debug|Any CPU.Build.0 = Debug|Any CPU
		{BFB6F49C-3EDC-4341-BC48-5810D465A89C}.Release|Any CPU.ActiveCfg = Release|Any CPU
		{BFB6F49C-3EDC-4341-BC48-5810D465A89C}.Release|Any CPU.Build.0 = Release|Any CPU
		{755AED91-26CF-490B-B010-094CD8531CFD}.Debug|Any CPU.ActiveCfg = Debug|Any CPU
		{755AED91-26CF-490B-B010-094CD8531CFD}.Debug|Any CPU.Build.0 = Debug|Any CPU
		{755AED91-26CF-490B-B010-094CD8531CFD}.Release|Any CPU.ActiveCfg = Release|Any CPU
		{755AED91-26CF-490B-B010-094CD8531CFD}.Release|Any CPU.Build.0 = Release|Any CPU
		{C60E7B60-C7F9-4C34-A5FF-EC386F4DD161}.Debug|Any CPU.ActiveCfg = Debug|Any CPU
		{C60E7B60-C7F9-4C34-A5FF-EC386F4DD161}.Debug|Any CPU.Build.0 = Debug|Any CPU
		{C60E7B60-C7F9-4C34-A5FF-EC386F4DD161}.Release|Any CPU.ActiveCfg = Release|Any CPU
		{C60E7B60-C7F9-4C34-A5FF-EC386F4DD161}.Release|Any CPU.Build.0 = Release|Any CPU
		{90CE64C9-49A9-4B7F-889A-C6B721BFFF3A}.Debug|Any CPU.ActiveCfg = Debug|Any CPU
		{90CE64C9-49A9-4B7F-889A-C6B721BFFF3A}.Debug|Any CPU.Build.0 = Debug|Any CPU
		{90CE64C9-49A9-4B7F-889A-C6B721BFFF3A}.Release|Any CPU.ActiveCfg = Release|Any CPU
		{90CE64C9-49A9-4B7F-889A-C6B721BFFF3A}.Release|Any CPU.Build.0 = Release|Any CPU
		{4AAFFBC2-0E15-4FAC-AD03-C005745B1016}.Debug|Any CPU.ActiveCfg = Debug|Any CPU
		{4AAFFBC2-0E15-4FAC-AD03-C005745B1016}.Debug|Any CPU.Build.0 = Debug|Any CPU
		{4AAFFBC2-0E15-4FAC-AD03-C005745B1016}.Release|Any CPU.ActiveCfg = Release|Any CPU
		{4AAFFBC2-0E15-4FAC-AD03-C005745B1016}.Release|Any CPU.Build.0 = Release|Any CPU
		{85D94BCF-8277-4A9A-869E-F457E5A1E779}.Debug|Any CPU.ActiveCfg = Debug|Any CPU
		{85D94BCF-8277-4A9A-869E-F457E5A1E779}.Debug|Any CPU.Build.0 = Debug|Any CPU
		{85D94BCF-8277-4A9A-869E-F457E5A1E779}.Release|Any CPU.ActiveCfg = Release|Any CPU
		{85D94BCF-8277-4A9A-869E-F457E5A1E779}.Release|Any CPU.Build.0 = Release|Any CPU
		{9C4E5DA4-757F-485C-A6B2-599681083161}.Debug|Any CPU.ActiveCfg = Debug|Any CPU
		{9C4E5DA4-757F-485C-A6B2-599681083161}.Debug|Any CPU.Build.0 = Debug|Any CPU
		{9C4E5DA4-757F-485C-A6B2-599681083161}.Release|Any CPU.ActiveCfg = Release|Any CPU
		{9C4E5DA4-757F-485C-A6B2-599681083161}.Release|Any CPU.Build.0 = Release|Any CPU
		{C6E8F625-507C-4160-9FE0-F9D2C51550FC}.Debug|Any CPU.ActiveCfg = Debug|Any CPU
		{C6E8F625-507C-4160-9FE0-F9D2C51550FC}.Debug|Any CPU.Build.0 = Debug|Any CPU
		{C6E8F625-507C-4160-9FE0-F9D2C51550FC}.Release|Any CPU.ActiveCfg = Release|Any CPU
		{C6E8F625-507C-4160-9FE0-F9D2C51550FC}.Release|Any CPU.Build.0 = Release|Any CPU
		{8C86E232-32AA-4FDB-BFF4-E65A945FBEE7}.Debug|Any CPU.ActiveCfg = Debug|Any CPU
		{8C86E232-32AA-4FDB-BFF4-E65A945FBEE7}.Debug|Any CPU.Build.0 = Debug|Any CPU
		{8C86E232-32AA-4FDB-BFF4-E65A945FBEE7}.Release|Any CPU.ActiveCfg = Release|Any CPU
		{8C86E232-32AA-4FDB-BFF4-E65A945FBEE7}.Release|Any CPU.Build.0 = Release|Any CPU
		{19B5A8CE-D169-48D5-86C0-CBB91705160B}.Debug|Any CPU.ActiveCfg = Debug|Any CPU
		{19B5A8CE-D169-48D5-86C0-CBB91705160B}.Debug|Any CPU.Build.0 = Debug|Any CPU
		{19B5A8CE-D169-48D5-86C0-CBB91705160B}.Release|Any CPU.ActiveCfg = Release|Any CPU
		{19B5A8CE-D169-48D5-86C0-CBB91705160B}.Release|Any CPU.Build.0 = Release|Any CPU
		{853E12E4-073C-4FA4-A1E0-E1A26A359C6C}.Debug|Any CPU.ActiveCfg = Debug|Any CPU
		{853E12E4-073C-4FA4-A1E0-E1A26A359C6C}.Debug|Any CPU.Build.0 = Debug|Any CPU
		{853E12E4-073C-4FA4-A1E0-E1A26A359C6C}.Release|Any CPU.ActiveCfg = Release|Any CPU
		{853E12E4-073C-4FA4-A1E0-E1A26A359C6C}.Release|Any CPU.Build.0 = Release|Any CPU
		{1B8B9FD4-AC07-4E78-90F7-422608CC1051}.Debug|Any CPU.ActiveCfg = Debug|Any CPU
		{1B8B9FD4-AC07-4E78-90F7-422608CC1051}.Debug|Any CPU.Build.0 = Debug|Any CPU
		{1B8B9FD4-AC07-4E78-90F7-422608CC1051}.Release|Any CPU.ActiveCfg = Release|Any CPU
		{1B8B9FD4-AC07-4E78-90F7-422608CC1051}.Release|Any CPU.Build.0 = Release|Any CPU
		{6006EF8E-0936-48F8-93C1-FBEF8A451DDF}.Debug|Any CPU.ActiveCfg = Debug|Any CPU
		{6006EF8E-0936-48F8-93C1-FBEF8A451DDF}.Debug|Any CPU.Build.0 = Debug|Any CPU
		{6006EF8E-0936-48F8-93C1-FBEF8A451DDF}.Release|Any CPU.ActiveCfg = Release|Any CPU
		{6006EF8E-0936-48F8-93C1-FBEF8A451DDF}.Release|Any CPU.Build.0 = Release|Any CPU
		{F27211B8-F975-42DD-AAFE-ED814E64D034}.Debug|Any CPU.ActiveCfg = Debug|Any CPU
		{F27211B8-F975-42DD-AAFE-ED814E64D034}.Debug|Any CPU.Build.0 = Debug|Any CPU
		{F27211B8-F975-42DD-AAFE-ED814E64D034}.Release|Any CPU.ActiveCfg = Release|Any CPU
		{F27211B8-F975-42DD-AAFE-ED814E64D034}.Release|Any CPU.Build.0 = Release|Any CPU
		{67CF25A4-EBAE-4F2F-9C07-1D6B2A910B2A}.Debug|Any CPU.ActiveCfg = Debug|Any CPU
		{67CF25A4-EBAE-4F2F-9C07-1D6B2A910B2A}.Debug|Any CPU.Build.0 = Debug|Any CPU
		{67CF25A4-EBAE-4F2F-9C07-1D6B2A910B2A}.Release|Any CPU.ActiveCfg = Release|Any CPU
		{67CF25A4-EBAE-4F2F-9C07-1D6B2A910B2A}.Release|Any CPU.Build.0 = Release|Any CPU
		{ED5D0CF5-0B9E-48C2-BCBA-C0CDBCA03890}.Debug|Any CPU.ActiveCfg = Debug|Any CPU
		{ED5D0CF5-0B9E-48C2-BCBA-C0CDBCA03890}.Debug|Any CPU.Build.0 = Debug|Any CPU
		{ED5D0CF5-0B9E-48C2-BCBA-C0CDBCA03890}.Release|Any CPU.ActiveCfg = Release|Any CPU
		{ED5D0CF5-0B9E-48C2-BCBA-C0CDBCA03890}.Release|Any CPU.Build.0 = Release|Any CPU
		{6C21EB43-9F5C-4A60-B278-F403E4A7D74E}.Debug|Any CPU.ActiveCfg = Debug|Any CPU
		{6C21EB43-9F5C-4A60-B278-F403E4A7D74E}.Debug|Any CPU.Build.0 = Debug|Any CPU
		{6C21EB43-9F5C-4A60-B278-F403E4A7D74E}.Release|Any CPU.ActiveCfg = Release|Any CPU
		{6C21EB43-9F5C-4A60-B278-F403E4A7D74E}.Release|Any CPU.Build.0 = Release|Any CPU
		{22B29C8B-F3DE-4EEC-B78C-C8779530E27D}.Debug|Any CPU.ActiveCfg = Debug|Any CPU
		{22B29C8B-F3DE-4EEC-B78C-C8779530E27D}.Debug|Any CPU.Build.0 = Debug|Any CPU
		{22B29C8B-F3DE-4EEC-B78C-C8779530E27D}.Release|Any CPU.ActiveCfg = Release|Any CPU
		{22B29C8B-F3DE-4EEC-B78C-C8779530E27D}.Release|Any CPU.Build.0 = Release|Any CPU
		{FD8EB5C7-1A44-446F-BE6A-5F85B3967243}.Debug|Any CPU.ActiveCfg = Debug|Any CPU
		{FD8EB5C7-1A44-446F-BE6A-5F85B3967243}.Debug|Any CPU.Build.0 = Debug|Any CPU
		{FD8EB5C7-1A44-446F-BE6A-5F85B3967243}.Release|Any CPU.ActiveCfg = Release|Any CPU
		{FD8EB5C7-1A44-446F-BE6A-5F85B3967243}.Release|Any CPU.Build.0 = Release|Any CPU
		{7F84E307-2AB3-434E-B98B-544BA4C577D4}.Debug|Any CPU.ActiveCfg = Debug|Any CPU
		{7F84E307-2AB3-434E-B98B-544BA4C577D4}.Debug|Any CPU.Build.0 = Debug|Any CPU
		{7F84E307-2AB3-434E-B98B-544BA4C577D4}.Release|Any CPU.ActiveCfg = Release|Any CPU
		{7F84E307-2AB3-434E-B98B-544BA4C577D4}.Release|Any CPU.Build.0 = Release|Any CPU
		{5EC4C663-2B04-4AA3-AFB9-02A2B79D75CA}.Debug|Any CPU.ActiveCfg = Debug|Any CPU
		{5EC4C663-2B04-4AA3-AFB9-02A2B79D75CA}.Debug|Any CPU.Build.0 = Debug|Any CPU
		{5EC4C663-2B04-4AA3-AFB9-02A2B79D75CA}.Release|Any CPU.ActiveCfg = Release|Any CPU
		{5EC4C663-2B04-4AA3-AFB9-02A2B79D75CA}.Release|Any CPU.Build.0 = Release|Any CPU
		{34490587-0A30-418E-9F6B-F3F3B95E319E}.Debug|Any CPU.ActiveCfg = Debug|Any CPU
		{34490587-0A30-418E-9F6B-F3F3B95E319E}.Debug|Any CPU.Build.0 = Debug|Any CPU
		{34490587-0A30-418E-9F6B-F3F3B95E319E}.Release|Any CPU.ActiveCfg = Release|Any CPU
		{34490587-0A30-418E-9F6B-F3F3B95E319E}.Release|Any CPU.Build.0 = Release|Any CPU
		{5B2DBB02-EEA2-4A8C-9AA6-0B79077AED53}.Debug|Any CPU.ActiveCfg = Debug|Any CPU
		{5B2DBB02-EEA2-4A8C-9AA6-0B79077AED53}.Debug|Any CPU.Build.0 = Debug|Any CPU
		{5B2DBB02-EEA2-4A8C-9AA6-0B79077AED53}.Release|Any CPU.ActiveCfg = Release|Any CPU
		{5B2DBB02-EEA2-4A8C-9AA6-0B79077AED53}.Release|Any CPU.Build.0 = Release|Any CPU
	EndGlobalSection
	GlobalSection(SolutionProperties) = preSolution
		HideSolutionNode = FALSE
	EndGlobalSection
	GlobalSection(NestedProjects) = preSolution
		{6F01E948-9F01-4297-AB5C-059F6B440B63} = {A6A8392E-7BB7-42A8-B630-E3E55866AE1F}
		{A6A8392E-7BB7-42A8-B630-E3E55866AE1F} = {514C9759-4D0C-4C75-9AA5-38C418C445B5}
		{B49E8F3A-4EE2-4272-BD19-C6BB237E6FDC} = {514C9759-4D0C-4C75-9AA5-38C418C445B5}
		{2DF69DFB-61FD-431D-9BEC-082C9D6B4514} = {514C9759-4D0C-4C75-9AA5-38C418C445B5}
		{92B72F17-4B10-40FC-9181-38EA9E460D79} = {2804BDEA-03E7-418B-8FD9-B5018FC0CFC8}
		{C3C28491-0EF7-452D-9907-551385128223} = {A6A8392E-7BB7-42A8-B630-E3E55866AE1F}
		{FE75ED85-CD50-4B37-9805-70581E09BEA6} = {B49E8F3A-4EE2-4272-BD19-C6BB237E6FDC}
		{DA94B67A-0AD3-4189-AC82-9EE6577ED89D} = {2DF69DFB-61FD-431D-9BEC-082C9D6B4514}
		{92BE968E-9E31-465B-A652-FE3334EEDC46} = {2DF69DFB-61FD-431D-9BEC-082C9D6B4514}
		{2151C8C3-C77A-4A6B-82F8-B1F0C1A713F0} = {A6A8392E-7BB7-42A8-B630-E3E55866AE1F}
		{469F0C87-9960-4B57-9AFC-3936769F2614} = {2804BDEA-03E7-418B-8FD9-B5018FC0CFC8}
		{0CF32F4D-9A7D-49C2-961A-46DA4E852203} = {A6A8392E-7BB7-42A8-B630-E3E55866AE1F}
		{993507F9-6D38-4132-9975-572E69D915A1} = {A6A8392E-7BB7-42A8-B630-E3E55866AE1F}
		{4547EACD-9D5D-432D-A4C3-2B6C6BC8D95F} = {514C9759-4D0C-4C75-9AA5-38C418C445B5}
		{7DA70A67-8798-41A2-B7A2-FD411BAD9F44} = {4547EACD-9D5D-432D-A4C3-2B6C6BC8D95F}
		{7CD8A877-9D62-4711-AA6F-99D848B226E6} = {4547EACD-9D5D-432D-A4C3-2B6C6BC8D95F}
		{2D5786EA-555D-407E-9DA8-0637CD3B23D1} = {2C33B749-F50A-45B4-A5F2-38C3945628DA}
		{79040C5A-B86F-468A-93F7-DE5A8F90AC28} = {AB4EB9A5-1850-43BD-B160-BD1A0AB2D88C}
		{38B35A20-4A93-4837-A278-6B96591B20CE} = {3B0AB751-60F1-4371-8AC0-28057C92B9BC}
		{2A8D2787-74CB-404D-B53A-2A5843AE73C8} = {4294A824-4D91-47F7-97FF-95ED134D78A5}
		{2C33B749-F50A-45B4-A5F2-38C3945628DA} = {0155C170-BF68-4217-BFC6-B35A82291B42}
		{AB4EB9A5-1850-43BD-B160-BD1A0AB2D88C} = {0155C170-BF68-4217-BFC6-B35A82291B42}
		{3B0AB751-60F1-4371-8AC0-28057C92B9BC} = {0155C170-BF68-4217-BFC6-B35A82291B42}
		{4294A824-4D91-47F7-97FF-95ED134D78A5} = {0155C170-BF68-4217-BFC6-B35A82291B42}
		{5D83B265-C7B7-459A-AEB8-A6933A5A58AB} = {514C9759-4D0C-4C75-9AA5-38C418C445B5}
		{2804BDEA-03E7-418B-8FD9-B5018FC0CFC8} = {A6A8392E-7BB7-42A8-B630-E3E55866AE1F}
		{BFB6F49C-3EDC-4341-BC48-5810D465A89C} = {2C33B749-F50A-45B4-A5F2-38C3945628DA}
		{755AED91-26CF-490B-B010-094CD8531CFD} = {2C33B749-F50A-45B4-A5F2-38C3945628DA}
		{C60E7B60-C7F9-4C34-A5FF-EC386F4DD161} = {9A168021-B74B-44A4-9235-2D99FA049E50}
		{90CE64C9-49A9-4B7F-889A-C6B721BFFF3A} = {4294A824-4D91-47F7-97FF-95ED134D78A5}
		{4AAFFBC2-0E15-4FAC-AD03-C005745B1016} = {0155C170-BF68-4217-BFC6-B35A82291B42}
		{239B0D8C-4CF4-42E5-8806-ACE6FFD2AFE6} = {2C33B749-F50A-45B4-A5F2-38C3945628DA}
		{85D94BCF-8277-4A9A-869E-F457E5A1E779} = {239B0D8C-4CF4-42E5-8806-ACE6FFD2AFE6}
		{9C4E5DA4-757F-485C-A6B2-599681083161} = {239B0D8C-4CF4-42E5-8806-ACE6FFD2AFE6}
		{797720B2-7A04-4110-A615-0C27B7CF2DDB} = {514C9759-4D0C-4C75-9AA5-38C418C445B5}
		{C6E8F625-507C-4160-9FE0-F9D2C51550FC} = {797720B2-7A04-4110-A615-0C27B7CF2DDB}
		{8C86E232-32AA-4FDB-BFF4-E65A945FBEE7} = {797720B2-7A04-4110-A615-0C27B7CF2DDB}
		{9A168021-B74B-44A4-9235-2D99FA049E50} = {4294A824-4D91-47F7-97FF-95ED134D78A5}
		{19B5A8CE-D169-48D5-86C0-CBB91705160B} = {797720B2-7A04-4110-A615-0C27B7CF2DDB}
		{F92EB2C3-2A95-4CE4-895E-739E0BAFD73B} = {797720B2-7A04-4110-A615-0C27B7CF2DDB}
		{853E12E4-073C-4FA4-A1E0-E1A26A359C6C} = {F92EB2C3-2A95-4CE4-895E-739E0BAFD73B}
		{2DE8483E-AE7A-4F2A-8EEB-45CFBD6684EB} = {514C9759-4D0C-4C75-9AA5-38C418C445B5}
		{1B8B9FD4-AC07-4E78-90F7-422608CC1051} = {2DE8483E-AE7A-4F2A-8EEB-45CFBD6684EB}
		{E68207F2-CC38-4D78-A6C2-812D5630E641} = {0155C170-BF68-4217-BFC6-B35A82291B42}
		{6006EF8E-0936-48F8-93C1-FBEF8A451DDF} = {E68207F2-CC38-4D78-A6C2-812D5630E641}
		{B80D9188-D04F-4971-94CF-1A57E206F8A3} = {E68207F2-CC38-4D78-A6C2-812D5630E641}
		{F27211B8-F975-42DD-AAFE-ED814E64D034} = {B80D9188-D04F-4971-94CF-1A57E206F8A3}
		{67CF25A4-EBAE-4F2F-9C07-1D6B2A910B2A} = {797720B2-7A04-4110-A615-0C27B7CF2DDB}
		{ED5D0CF5-0B9E-48C2-BCBA-C0CDBCA03890} = {F92EB2C3-2A95-4CE4-895E-739E0BAFD73B}
		{6C21EB43-9F5C-4A60-B278-F403E4A7D74E} = {E68207F2-CC38-4D78-A6C2-812D5630E641}
		{22B29C8B-F3DE-4EEC-B78C-C8779530E27D} = {514C9759-4D0C-4C75-9AA5-38C418C445B5}
		{FD8EB5C7-1A44-446F-BE6A-5F85B3967243} = {E68207F2-CC38-4D78-A6C2-812D5630E641}
		{F0D91931-05D6-4131-A2EA-E7B136C31EC7} = {2DF69DFB-61FD-431D-9BEC-082C9D6B4514}
		{7F84E307-2AB3-434E-B98B-544BA4C577D4} = {F0D91931-05D6-4131-A2EA-E7B136C31EC7}
		{5EC4C663-2B04-4AA3-AFB9-02A2B79D75CA} = {F0D91931-05D6-4131-A2EA-E7B136C31EC7}
		{34490587-0A30-418E-9F6B-F3F3B95E319E} = {514C9759-4D0C-4C75-9AA5-38C418C445B5}
		{5B2DBB02-EEA2-4A8C-9AA6-0B79077AED53} = {0155C170-BF68-4217-BFC6-B35A82291B42}
	EndGlobalSection
	GlobalSection(ExtensibilityGlobals) = postSolution
		SolutionGuid = {AF05D0DF-D04A-46E8-A71F-775870189F62}
	EndGlobalSection
EndGlobal
